{
  "name": "agent-whip",
  "version": "0.1.0",
  "lockfileVersion": 3,
  "requires": true,
  "packages": {
    "": {
      "name": "agent-whip",
      "version": "0.1.0",
      "license": "MIT",
      "workspaces": [
        "packages/*"
      ],
      "devDependencies": {
        "@types/node": "^26.2.0"
      },
      "engines": {
        "node": ">=20"
      }
    },
    "node_modules/@agent-whip/cli": {
      "resolved": "packages/cli",
      "link": true
    },
    "node_modules/@agent-whip/core": {
      "resolved": "packages/core",
      "link": true
    },
    "node_modules/@agent-whip/delivery": {
      "resolved": "packages/delivery",
      "link": true
    },
    "node_modules/@agent-whip/paste-frame": {
      "resolved": "packages/paste-frame",
      "link": true
    },
    "node_modules/@types/node": {
      "version": "26.2.0",
      "resolved": "https://registry.npmjs.org/@types/node/-/node-26.2.0.tgz",
      "integrity": "sha512-5IviulTZeRNp2vAJ514cc/HUlY5nZ9fCbq9DMyC52BrhFZACo3nI0R7qBxhQmo/d27NFe96ur/b7Wwxklda+kg==",
      "dev": true,
      "license": "MIT",
      "dependencies": {
        "undici-types": "~8.3.0"
      }
    },
    "node_modules/undici-types": {
      "version": "8.3.0",
      "resolved": "https://registry.npmjs.org/undici-types/-/undici-types-8.3.0.tgz",
      "integrity": "sha512-j375ScV60dom+YkPFIfTLcOiPxkN/buHz5GobjLhixFuANaNs3C9l4GmrWqejgXWJ7BbJcFYpTEUkS1Ge8bpZQ==",
      "dev": true,
      "license": "MIT"
    },
    "packages/cli": {
      "name": "@agent-whip/cli",
      "version": "0.1.0",
      "license": "MIT",
      "bin": {
        "agent-whip": "dist/bin.js"
      }
    },
    "packages/core": {
      "name": "@agent-whip/core",
      "version": "0.1.0",
      "license": "MIT"
    },
    "packages/delivery": {
      "name": "@agent-whip/delivery",
      "version": "0.1.0",
      "license": "MIT",
      "dependencies": {
        "@agent-whip/paste-frame": "0.1.0"
      }
    },
    "packages/paste-frame": {
      "name": "@agent-whip/paste-frame",
      "version": "0.1.0",
      "license": "MIT"
    }
  }
}
